
Microsoft Visual Studio Solution File, Format Version 12.00
# Visual Studio Version 17
VisualStudioVersion = 17.0.31903.59
MinimumVisualStudioVersion = 10.0.40219.1
Project("{FAE04EC0-301F-11D3-BF4B-00C04F79EFBC}") = "UserService", "UserService\UserService.csproj", "{0A13EAB8-5F8D-4970-AB4B-8DFA8B14272B}"
EndProject
Project("{FAE04EC0-301F-11D3-BF4B-00C04F79EFBC}") = "TaskService", "TaskService\TaskService.csproj", "{397D9669-BCD3-462C-8665-ADC181A59DEA}"
EndProject
Project("{FAE04EC0-301F-11D3-BF4B-00C04F79EFBC}") = "TaskService.Tests", "TaskService.Tests\TaskService.Tests.csproj", "{8E16E073-CE41-4959-BEC2-35E6D885BF50}"
EndProject
Global
	GlobalSection(SolutionConfigurationPlatforms) = preSolution
		Debug|Any CPU = Debug|Any CPU
		Release|Any CPU = Release|Any CPU
	EndGlobalSection
	GlobalSection(SolutionProperties) = preSolution
		HideSolutionNode = FALSE
	EndGlobalSection
	GlobalSection(ProjectConfigurationPlatforms) = postSolution
		{0A13EAB8-5F8D-4970-AB4B-8DFA8B14272B}.Debug|Any CPU.ActiveCfg = Debug|Any CPU
		{0A13EAB8-5F8D-4970-AB4B-8DFA8B14272B}.Debug|Any CPU.Build.0 = Debug|Any CPU
		{0A13EAB8-5F8D-4970-AB4B-8DFA8B14272B}.Release|Any CPU.ActiveCfg = Release|Any CPU
		{0A13EAB8-5F8D-4970-AB4B-8DFA8B14272B}.Release|Any CPU.Build.0 = Release|Any CPU
		{397D9669-BCD3-462C-8665-ADC181A59DEA}.Debug|Any CPU.ActiveCfg = Debug|Any CPU
		{397D9669-BCD3-462C-8665-ADC181A59DEA}.Debug|Any CPU.Build.0 = Debug|Any CPU
		{397D9669-BCD3-462C-8665-ADC181A59DEA}.Release|Any CPU.ActiveCfg = Release|Any CPU
		{397D9669-BCD3-462C-8665-ADC181A59DEA}.Release|Any CPU.Build.0 = Release|Any CPU
		{8E16E073-CE41-4959-BEC2-35E6D885BF50}.Debug|Any CPU.ActiveCfg = Debug|Any CPU
		{8E16E073-CE41-4959-BEC2-35E6D885BF50}.Debug|Any CPU.Build.0 = Debug|Any CPU
		{8E16E073-CE41-4959-BEC2-35E6D885BF50}.Release|Any CPU.ActiveCfg = Release|Any CPU
		{8E16E073-CE41-4959-BEC2-35E6D885BF50}.Release|Any CPU.Build.0 = Release|Any CPU
	EndGlobalSection
EndGlobal
